
Microsoft Visual Studio Solution File, Format Version 12.00
# Visual Studio Version 16
VisualStudioVersion = 16.0.32106.194
MinimumVisualStudioVersion = 10.0.40219.1
Project("{FAE04EC0-301F-11D3-BF4B-00C04F79EFBC}") = "NewMissingTexture", "NewMissingTexture\NewMissingTexture.csproj", "{07840A5C-67DE-46CC-BA79-9E4D2E20CE8A}"
EndProject
Global
	GlobalSection(SolutionConfigurationPlatforms) = preSolution
		Debug|Any CPU = Debug|Any CPU
		Release|Any CPU = Release|Any CPU
	EndGlobalSection
	GlobalSection(ProjectConfigurationPlatforms) = postSolution
		{07840A5C-67DE-46CC-BA79-9E4D2E20CE8A}.Debug|Any CPU.ActiveCfg = Debug|Any CPU
		{07840A5C-67DE-46CC-BA79-9E4D2E20CE8A}.Debug|Any CPU.Build.0 = Debug|Any CPU
		{07840A5C-67DE-46CC-BA79-9E4D2E20CE8A}.Release|Any CPU.ActiveCfg = Release|Any CPU
		{07840A5C-67DE-46CC-BA79-9E4D2E20CE8A}.Release|Any CPU.Build.0 = Release|Any CPU
	EndGlobalSection
	GlobalSection(SolutionProperties) = preSolution
		HideSolutionNode = FALSE
	EndGlobalSection
	GlobalSection(ExtensibilityGlobals) = postSolution
		SolutionGuid = {98C9E253-0398-4F3B-9DE7-3A184972F9F5}
	EndGlobalSection
EndGlobal
